// !$*UTF8*$!
{
	archiveVersion = 1;
	classes = {
	};
	objectVersion = 46;
	objects = {

/* Begin PBXBuildFile section */
		92349FC01CAC4F2F003A3640 /* main.m in Sources */ = {isa = PBXBuildFile; fileRef = 92349FBF1CAC4F2F003A3640 /* main.m */; };
		92349FC31CAC4F2F003A3640 /* AppDelegate.m in Sources */ = {isa = PBXBuildFile; fileRef = 92349FC21CAC4F2F003A3640 /* AppDelegate.m */; };
		92349FC91CAC4F2F003A3640 /* Main.storyboard in Resources */ = {isa = PBXBuildFile; fileRef = 92349FC71CAC4F2F003A3640 /* Main.storyboard */; };
		92349FCB1CAC4F2F003A3640 /* Assets.xcassets in Resources */ = {isa = PBXBuildFile; fileRef = 92349FCA1CAC4F2F003A3640 /* Assets.xcassets */; };
		92349FCE1CAC4F2F003A3640 /* LaunchScreen.storyboard in Resources */ = {isa = PBXBuildFile; fileRef = 92349FCC1CAC4F2F003A3640 /* LaunchScreen.storyboard */; };
		92349FD81CAC6039003A3640 /* IndexClass.m in Sources */ = {isa = PBXBuildFile; fileRef = 92349FD71CAC6039003A3640 /* IndexClass.m */; };
		92349FDB1CAC60C9003A3640 /* IndexesTableViewController.m in Sources */ = {isa = PBXBuildFile; fileRef = 92349FDA1CAC60C9003A3640 /* IndexesTableViewController.m */; };
		92349FDE1CAC7516003A3640 /* IndexCell.m in Sources */ = {isa = PBXBuildFile; fileRef = 92349FDD1CAC7516003A3640 /* IndexCell.m */; };
/* End PBXBuildFile section */

/* Begin PBXFileReference section */
		92349FBB1CAC4F2F003A3640 /* Yahoo4Test.app */ = {isa = PBXFileReference; explicitFileType = wrapper.application; includeInIndex = 0; path = Yahoo4Test.app; sourceTree = BUILT_PRODUCTS_DIR; };
		92349FBF1CAC4F2F003A3640 /* main.m */ = {isa = PBXFileReference; lastKnownFileType = sourcecode.c.objc; path = main.m; sourceTree = "<group>"; };
		92349FC11CAC4F2F003A3640 /* AppDelegate.h */ = {isa = PBXFileReference; lastKnownFileType = sourcecode.c.h; path = AppDelegate.h; sourceTree = "<group>"; };
		92349FC21CAC4F2F003A3640 /* AppDelegate.m */ = {isa = PBXFileReference; lastKnownFileType = sourcecode.c.objc; path = AppDelegate.m; sourceTree = "<group>"; };
		92349FC81CAC4F2F003A3640 /* Base */ = {isa = PBXFileReference; lastKnownFileType = file.storyboard; name = Base; path = Base.lproj/Main.storyboard; sourceTree = "<group>"; };
		92349FCA1CAC4F2F003A3640 /* Assets.xcassets */ = {isa = PBXFileReference; lastKnownFileType = folder.assetcatalog; path = Assets.xcassets; sourceTree = "<group>"; };
		92349FCD1CAC4F2F003A3640 /* Base */ = {isa = PBXFileReference; lastKnownFileType = file.storyboard; name = Base; path = Base.lproj/LaunchScreen.storyboard; sourceTree = "<group>"; };
		92349FCF1CAC4F2F003A3640 /* Info.plist */ = {isa = PBXFileReference; lastKnownFileType = text.plist.xml; path = Info.plist; sourceTree = "<group>"; };
		92349FD61CAC6039003A3640 /* IndexClass.h */ = {isa = PBXFileReference; fileEncoding = 4; lastKnownFileType = sourcecode.c.h; path = IndexClass.h; sourceTree = "<group>"; };
		92349FD71CAC6039003A3640 /* IndexClass.m */ = {isa = PBXFileReference; fileEncoding = 4; lastKnownFileType = sourcecode.c.objc; path = IndexClass.m; sourceTree = "<group>"; };
		92349FD91CAC60C9003A3640 /* IndexesTableViewController.h */ = {isa = PBXFileReference; fileEncoding = 4; lastKnownFileType = sourcecode.c.h; path = IndexesTableViewController.h; sourceTree = "<group>"; };
		92349FDA1CAC60C9003A3640 /* IndexesTableViewController.m */ = {isa = PBXFileReference; fileEncoding = 4; lastKnownFileType = sourcecode.c.objc; path = IndexesTableViewController.m; sourceTree = "<group>"; };
		92349FDC1CAC7516003A3640 /* IndexCell.h */ = {isa = PBXFileReference; fileEncoding = 4; lastKnownFileType = sourcecode.c.h; path = IndexCell.h; sourceTree = "<group>"; };
		92349FDD1CAC7516003A3640 /* IndexCell.m */ = {isa = PBXFileReference; fileEncoding = 4; lastKnownFileType = sourcecode.c.objc; path = IndexCell.m; sourceTree = "<group>"; };
/* End PBXFileReference section */

/* Begin PBXFrameworksBuildPhase section */
		92349FB81CAC4F2F003A3640 /* Frameworks */ = {
			isa = PBXFrameworksBuildPhase;
			buildActionMask = 2147483647;
			files = (
			);
			runOnlyForDeploymentPostprocessing = 0;
		};
/* End PBXFrameworksBuildPhase section */

/* Begin PBXGroup section */
		92349FB21CAC4F2F003A3640 = {
			isa = PBXGroup;
			children = (
				92349FBD1CAC4F2F003A3640 /* Yahoo4Test */,
				92349FBC1CAC4F2F003A3640 /* Products */,
			);
			sourceTree = "<group>";
		};
		92349FBC1CAC4F2F003A3640 /* Products */ = {
			isa = PBXGroup;
			children = (
				92349FBB1CAC4F2F003A3640 /* Yahoo4Test.app */,
			);
			name = Products;
			sourceTree = "<group>";
		};
		92349FBD1CAC4F2F003A3640 /* Yahoo4Test */ = {
			isa = PBXGroup;
			children = (
				92349FE01CAC7540003A3640 /* Class */,
				92349FDF1CAC751C003A3640 /* TableView */,
				92349FC11CAC4F2F003A3640 /* AppDelegate.h */,
				92349FC21CAC4F2F003A3640 /* AppDelegate.m */,
				92349FC71CAC4F2F003A3640 /* Main.storyboard */,
				92349FCA1CAC4F2F003A3640 /* Assets.xcassets */,
				92349FCC1CAC4F2F003A3640 /* LaunchScreen.storyboard */,
				92349FCF1CAC4F2F003A3640 /* Info.plist */,
				92349FBE1CAC4F2F003A3640 /* Supporting Files */,
			);
			path = Yahoo4Test;
			sourceTree = "<group>";
		};
		92349FBE1CAC4F2F003A3640 /* Supporting Files */ = {
			isa = PBXGroup;
			children = (
				92349FBF1CAC4F2F003A3640 /* main.m */,
			);
			name = "Supporting Files";
			sourceTree = "<group>";
		};
		92349FDF1CAC751C003A3640 /* TableView */ = {
			isa = PBXGroup;
			children = (
				92349FD91CAC60C9003A3640 /* IndexesTableViewController.h */,
				92349FDA1CAC60C9003A3640 /* IndexesTableViewController.m */,
				92349FDC1CAC7516003A3640 /* IndexCell.h */,
				92349FDD1CAC7516003A3640 /* IndexCell.m */,
			);
			name = TableView;
			sourceTree = "<group>";
		};
		92349FE01CAC7540003A3640 /* Class */ = {
			isa = PBXGroup;
			children = (
				92349FD61CAC6039003A3640 /* IndexClass.h */,
				92349FD71CAC6039003A3640 /* IndexClass.m */,
			);
			name = Class;
			sourceTree = "<group>";
		};
/* End PBXGroup section */

/* Begin PBXNativeTarget section */
		92349FBA1CAC4F2F003A3640 /* Yahoo4Test */ = {
			isa = PBXNativeTarget;
			buildConfigurationList = 92349FD21CAC4F2F003A3640 /* Build configuration list for PBXNativeTarget "Yahoo4Test" */;
			buildPhases = (
				92349FB71CAC4F2F003A3640 /* Sources */,
				92349FB81CAC4F2F003A3640 /* Frameworks */,
				92349FB91CAC4F2F003A3640 /* Resources */,
			);
			buildRules = (
			);
			dependencies = (
			);
			name = Yahoo4Test;
			productName = Yahoo4Test;
			productReference = 92349FBB1CAC4F2F003A3640 /* Yahoo4Test.app */;
			productType = "com.apple.product-type.application";
		};
/* End PBXNativeTarget section */

/* Begin PBXProject section */
		92349FB31CAC4F2F003A3640 /* Project object */ = {
			isa = PBXProject;
			attributes = {
				LastUpgradeCheck = 0730;
				ORGANIZATIONNAME = KDL;
				TargetAttributes = {
					92349FBA1CAC4F2F003A3640 = {
						CreatedOnToolsVersion = 7.3;
					};
				};
			};
			buildConfigurationList = 92349FB61CAC4F2F003A3640 /* Build configuration list for PBXProject "Yahoo4Test" */;
			compatibilityVersion = "Xcode 3.2";
			developmentRegion = English;
			hasScannedForEncodings = 0;
			knownRegions = (
				en,
				Base,
			);
			mainGroup = 92349FB21CAC4F2F003A3640;
			productRefGroup = 92349FBC1CAC4F2F003A3640 /* Products */;
			projectDirPath = "";
			projectRoot = "";
			targets = (
				92349FBA1CAC4F2F003A3640 /* Yahoo4Test */,
			);
		};
/* End PBXProject section */

/* Begin PBXResourcesBuildPhase section */
		92349FB91CAC4F2F003A3640 /* Resources */ = {
			isa = PBXResourcesBuildPhase;
			buildActionMask = 2147483647;
			files = (
				92349FCE1CAC4F2F003A3640 /* LaunchScreen.storyboard in Resources */,
				92349FCB1CAC4F2F003A3640 /* Assets.xcassets in Resources */,
				92349FC91CAC4F2F003A3640 /* Main.storyboard in Resources */,
			);
			runOnlyForDeploymentPostprocessing = 0;
		};
/* End PBXResourcesBuildPhase section */

/* Begin PBXSourcesBuildPhase section */
		92349FB71CAC4F2F003A3640 /* Sources */ = {
			isa = PBXSourcesBuildPhase;
			buildActionMask = 2147483647;
			files = (
				92349FDB1CAC60C9003A3640 /* IndexesTableViewController.m in Sources */,
				92349FDE1CAC7516003A3640 /* IndexCell.m in Sources */,
				92349FD81CAC6039003A3640 /* IndexClass.m in Sources */,
				92349FC31CAC4F2F003A3640 /* AppDelegate.m in Sources */,
				92349FC01CAC4F2F003A3640 /* main.m in Sources */,
			);
			runOnlyForDeploymentPostprocessing = 0;
		};
/* End PBXSourcesBuildPhase section */

/* Begin PBXVariantGroup section */
		92349FC71CAC4F2F003A3640 /* Main.storyboard */ = {
			isa = PBXVariantGroup;
			children = (
				92349FC81CAC4F2F003A3640 /* Base */,
			);
			name = Main.storyboard;
			sourceTree = "<group>";
		};
		92349FCC1CAC4F2F003A3640 /* LaunchScreen.storyboard */ = {
			isa = PBXVariantGroup;
			children = (
				92349FCD1CAC4F2F003A3640 /* Base */,
			);
			name = LaunchScreen.storyboard;
			sourceTree = "<group>";
		};
/* End PBXVariantGroup section */

/* Begin XCBuildConfiguration section */
		92349FD01CAC4F2F003A3640 /* Debug */ = {
			isa = XCBuildConfiguration;
			buildSettings = {
				ALWAYS_SEARCH_USER_PATHS = NO;
				CLANG_ANALYZER_NONNULL = YES;
				CLANG_CXX_LANGUAGE_STANDARD = "gnu++0x";
				CLANG_CXX_LIBRARY = "libc++";
				CLANG_ENABLE_MODULES = YES;
				CLANG_ENABLE_OBJC_ARC = YES;
				CLANG_WARN_BOOL_CONVERSION = YES;
				CLANG_WARN_CONSTANT_CONVERSION = YES;
				CLANG_WARN_DIRECT_OBJC_ISA_USAGE = YES_ERROR;
				CLANG_WARN_EMPTY_BODY = YES;
				CLANG_WARN_ENUM_CONVERSION = YES;
				CLANG_WARN_INT_CONVERSION = YES;
				CLANG_WARN_OBJC_ROOT_CLASS = YES_ERROR;
				CLANG_WARN_UNREACHABLE_CODE = YES;
				CLANG_WARN__DUPLICATE_METHOD_MATCH = YES;
				"CODE_SIGN_IDENTITY[sdk=iphoneos*]" = "iPhone Developer";
				COPY_PHASE_STRIP = NO;
				DEBUG_INFORMATION_FORMAT = dwarf;
				ENABLE_STRICT_OBJC_MSGSEND = YES;
				ENABLE_TESTABILITY = YES;
				GCC_C_LANGUAGE_STANDARD = gnu99;
				GCC_DYNAMIC_NO_PIC = NO;
				GCC_NO_COMMON_BLOCKS = YES;
				GCC_OPTIMIZATION_LEVEL = 0;
				GCC_PREPROCESSOR_DEFINITIONS = (
					"DEBUG=1",
					"$(inherited)",
				);
				GCC_WARN_64_TO_32_BIT_CONVERSION = YES;
				GCC_WARN_ABOUT_RETURN_TYPE = YES_ERROR;
				GCC_WARN_UNDECLARED_SELECTOR = YES;
				GCC_WARN_UNINITIALIZED_AUTOS = YES_AGGRESSIVE;
				GCC_WARN_UNUSED_FUNCTION = YES;
				GCC_WARN_UNUSED_VARIABLE = YES;
				IPHONEOS_DEPLOYMENT_TARGET = 9.3;
				MTL_ENABLE_DEBUG_INFO = YES;
				ONLY_ACTIVE_ARCH = YES;
				SDKROOT = iphoneos;
			};
			name = Debug;
		};
		92349FD11CAC4F2F003A3640 /* Release */ = {
			isa = XCBuildConfiguration;
			buildSettings = {
				ALWAYS_SEARCH_USER_PATHS = NO;
				CLANG_ANALYZER_NONNULL = YES;
				CLANG_CXX_LANGUAGE_STANDARD = "gnu++0x";
				CLANG_CXX_LIBRARY = "libc++";
				CLANG_ENABLE_MODULES = YES;
				CLANG_ENABLE_OBJC_ARC = YES;
				CLANG_WARN_BOOL_CONVERSION = YES;
				CLANG_WARN_CONSTANT_CONVERSION = YES;
				CLANG_WARN_DIRECT_OBJC_ISA_USAGE = YES_ERROR;
				CLANG_WARN_EMPTY_BODY = YES;
				CLANG_WARN_ENUM_CONVERSION = YES;
				CLANG_WARN_INT_CONVERSION = YES;
				CLANG_WARN_OBJC_ROOT_CLASS = YES_ERROR;
				CLANG_WARN_UNREACHABLE_CODE = YES;
				CLANG_WARN__DUPLICATE_METHOD_MATCH = YES;
				"CODE_SIGN_IDENTITY[sdk=iphoneos*]" = "iPhone Developer";
				COPY_PHASE_STRIP = NO;
				DEBUG_INFORMATION_FORMAT = "dwarf-with-dsym";
				ENABLE_NS_ASSERTIONS = NO;
				ENABLE_STRICT_OBJC_MSGSEND = YES;
				GCC_C_LANGUAGE_STANDARD = gnu99;
				GCC_NO_COMMON_BLOCKS = YES;
				GCC_WARN_64_TO_32_BIT_CONVERSION = YES;
				GCC_WARN_ABOUT_RETURN_TYPE = YES_ERROR;
				GCC_WARN_UNDECLARED_SELECTOR = YES;
				GCC_WARN_UNINITIALIZED_AUTOS = YES_AGGRESSIVE;
				GCC_WARN_UNUSED_FUNCTION = YES;
				GCC_WARN_UNUSED_VARIABLE = YES;
				IPHONEOS_DEPLOYMENT_TARGET = 9.3;
				MTL_ENABLE_DEBUG_INFO = NO;
				SDKROOT = iphoneos;
				VALIDATE_PRODUCT = YES;
			};
			name = Release;
		};
		92349FD31CAC4F2F003A3640 /* Debug */ = {
			isa = XCBuildConfiguration;
			buildSettings = {
				ASSETCATALOG_COMPILER_APPICON_NAME = AppIcon;
				INFOPLIST_FILE = Yahoo4Test/Info.plist;
				LD_RUNPATH_SEARCH_PATHS = "$(inherited) @executable_path/Frameworks";
				PRODUCT_BUNDLE_IDENTIFIER = com.dannieocean.Yahoo4Test;
				PRODUCT_NAME = "$(TARGET_NAME)";
			};
			name = Debug;
		};
		92349FD41CAC4F2F003A3640 /* Release */ = {
			isa = XCBuildConfiguration;
			buildSettings = {
				ASSETCATALOG_COMPILER_APPICON_NAME = AppIcon;
				INFOPLIST_FILE = Yahoo4Test/Info.plist;
				LD_RUNPATH_SEARCH_PATHS = "$(inherited) @executable_path/Frameworks";
				PRODUCT_BUNDLE_IDENTIFIER = com.dannieocean.Yahoo4Test;
				PRODUCT_NAME = "$(TARGET_NAME)";
			};
			name = Release;
		};
/* End XCBuildConfiguration section */

/* Begin XCConfigurationList section */
		92349FB61CAC4F2F003A3640 /* Build configuration list for PBXProject "Yahoo4Test" */ = {
			isa = XCConfigurationList;
			buildConfigurations = (
				92349FD01CAC4F2F003A3640 /* Debug */,
				92349FD11CAC4F2F003A3640 /* Release */,
			);
			defaultConfigurationIsVisible = 0;
			defaultConfigurationName = Release;
		};
		92349FD21CAC4F2F003A3640 /* Build configuration list for PBXNativeTarget "Yahoo4Test" */ = {
			isa = XCConfigurationList;
			buildConfigurations = (
				92349FD31CAC4F2F003A3640 /* Debug */,
				92349FD41CAC4F2F003A3640 /* Release */,
			);
			defaultConfigurationIsVisible = 0;
		};
/* End XCConfigurationList section */
	};
	rootObject = 92349FB31CAC4F2F003A3640 /* Project object */;
}
